// !$*UTF8*$!
{
	archiveVersion = 1;
	classes = {
	};
	objectVersion = 55;
	objects = {

/* Begin PBXBuildFile section */
		05704045908E71C93BC8300C /* Pods_XCremaTests.framework in Frameworks */ = {isa = PBXBuildFile; fileRef = 9553295F8897D3E3C191CBCB /* Pods_XCremaTests.framework */; };
		29A63B41D88FB990CEC2A86B /* Pods_XCrema_XCremaUITests.framework in Frameworks */ = {isa = PBXBuildFile; fileRef = 1122D371794BB5E419C5BA61 /* Pods_XCrema_XCremaUITests.framework */; };
		2B72B22B28E1AF3600D4ECF3 /* MovieViewController.swift in Sources */ = {isa = PBXBuildFile; fileRef = 2B72B22A28E1AF3600D4ECF3 /* MovieViewController.swift */; };
		2BC2ADCC28C1DF09006A0438 /* AppDelegate.swift in Sources */ = {isa = PBXBuildFile; fileRef = 2BC2ADCB28C1DF09006A0438 /* AppDelegate.swift */; };
		2BC2ADD028C1DF09006A0438 /* PhotoViewController.swift in Sources */ = {isa = PBXBuildFile; fileRef = 2BC2ADCF28C1DF09006A0438 /* PhotoViewController.swift */; };
		2BC2ADD528C1DF0A006A0438 /* Assets.xcassets in Resources */ = {isa = PBXBuildFile; fileRef = 2BC2ADD428C1DF0A006A0438 /* Assets.xcassets */; };
		2BC2ADD828C1DF0A006A0438 /* LaunchScreen.storyboard in Resources */ = {isa = PBXBuildFile; fileRef = 2BC2ADD628C1DF0A006A0438 /* LaunchScreen.storyboard */; };
		2BC2ADE328C1DF0A006A0438 /* XCremaTests.swift in Sources */ = {isa = PBXBuildFile; fileRef = 2BC2ADE228C1DF0A006A0438 /* XCremaTests.swift */; };
		2BC2ADED28C1DF0A006A0438 /* XCremaUITests.swift in Sources */ = {isa = PBXBuildFile; fileRef = 2BC2ADEC28C1DF0A006A0438 /* XCremaUITests.swift */; };
		2BC2ADEF28C1DF0A006A0438 /* XCremaUITestsLaunchTests.swift in Sources */ = {isa = PBXBuildFile; fileRef = 2BC2ADEE28C1DF0A006A0438 /* XCremaUITestsLaunchTests.swift */; };
		D802197E18BD765E44891B52 /* Pods_XCrema.framework in Frameworks */ = {isa = PBXBuildFile; fileRef = 1C80A6B26360D7498682D8DE /* Pods_XCrema.framework */; };
/* End PBXBuildFile section */

/* Begin PBXContainerItemProxy section */
		2BC2ADDF28C1DF0A006A0438 /* PBXContainerItemProxy */ = {
			isa = PBXContainerItemProxy;
			containerPortal = 2BC2ADC028C1DF09006A0438 /* Project object */;
			proxyType = 1;
			remoteGlobalIDString = 2BC2ADC728C1DF09006A0438;
			remoteInfo = XCrema;
		};
		2BC2ADE928C1DF0A006A0438 /* PBXContainerItemProxy */ = {
			isa = PBXContainerItemProxy;
			containerPortal = 2BC2ADC028C1DF09006A0438 /* Project object */;
			proxyType = 1;
			remoteGlobalIDString = 2BC2ADC728C1DF09006A0438;
			remoteInfo = XCrema;
		};
/* End PBXContainerItemProxy section */

/* Begin PBXFileReference section */
		1122D371794BB5E419C5BA61 /* Pods_XCrema_XCremaUITests.framework */ = {isa = PBXFileReference; explicitFileType = wrapper.framework; includeInIndex = 0; path = Pods_XCrema_XCremaUITests.framework; sourceTree = BUILT_PRODUCTS_DIR; };
		1C80A6B26360D7498682D8DE /* Pods_XCrema.framework */ = {isa = PBXFileReference; explicitFileType = wrapper.framework; includeInIndex = 0; path = Pods_XCrema.framework; sourceTree = BUILT_PRODUCTS_DIR; };
		1D05FD4A5AA29FA505BE5A5B /* Pods-XCremaTests.release.xcconfig */ = {isa = PBXFileReference; includeInIndex = 1; lastKnownFileType = text.xcconfig; name = "Pods-XCremaTests.release.xcconfig"; path = "Target Support Files/Pods-XCremaTests/Pods-XCremaTests.release.xcconfig"; sourceTree = "<group>"; };
		2B72B22A28E1AF3600D4ECF3 /* MovieViewController.swift */ = {isa = PBXFileReference; lastKnownFileType = sourcecode.swift; path = MovieViewController.swift; sourceTree = "<group>"; };
		2BC2ADC828C1DF09006A0438 /* XCrema.app */ = {isa = PBXFileReference; explicitFileType = wrapper.application; includeInIndex = 0; path = XCrema.app; sourceTree = BUILT_PRODUCTS_DIR; };
		2BC2ADCB28C1DF09006A0438 /* AppDelegate.swift */ = {isa = PBXFileReference; lastKnownFileType = sourcecode.swift; path = AppDelegate.swift; sourceTree = "<group>"; };
		2BC2ADCF28C1DF09006A0438 /* PhotoViewController.swift */ = {isa = PBXFileReference; lastKnownFileType = sourcecode.swift; path = PhotoViewController.swift; sourceTree = "<group>"; };
		2BC2ADD428C1DF0A006A0438 /* Assets.xcassets */ = {isa = PBXFileReference; lastKnownFileType = folder.assetcatalog; path = Assets.xcassets; sourceTree = "<group>"; };
		2BC2ADD728C1DF0A006A0438 /* Base */ = {isa = PBXFileReference; lastKnownFileType = file.storyboard; name = Base; path = Base.lproj/LaunchScreen.storyboard; sourceTree = "<group>"; };
		2BC2ADD928C1DF0A006A0438 /* Info.plist */ = {isa = PBXFileReference; lastKnownFileType = text.plist.xml; path = Info.plist; sourceTree = "<group>"; };
		2BC2ADDE28C1DF0A006A0438 /* XCremaTests.xctest */ = {isa = PBXFileReference; explicitFileType = wrapper.cfbundle; includeInIndex = 0; path = XCremaTests.xctest; sourceTree = BUILT_PRODUCTS_DIR; };
		2BC2ADE228C1DF0A006A0438 /* XCremaTests.swift */ = {isa = PBXFileReference; lastKnownFileType = sourcecode.swift; path = XCremaTests.swift; sourceTree = "<group>"; };
		2BC2ADE828C1DF0A006A0438 /* XCremaUITests.xctest */ = {isa = PBXFileReference; explicitFileType = wrapper.cfbundle; includeInIndex = 0; path = XCremaUITests.xctest; sourceTree = BUILT_PRODUCTS_DIR; };
		2BC2ADEC28C1DF0A006A0438 /* XCremaUITests.swift */ = {isa = PBXFileReference; lastKnownFileType = sourcecode.swift; path = XCremaUITests.swift; sourceTree = "<group>"; };
		2BC2ADEE28C1DF0A006A0438 /* XCremaUITestsLaunchTests.swift */ = {isa = PBXFileReference; lastKnownFileType = sourcecode.swift; path = XCremaUITestsLaunchTests.swift; sourceTree = "<group>"; };
		3765CEE0B6E497E323A7C78A /* Pods-XCrema-XCremaUITests.debug.xcconfig */ = {isa = PBXFileReference; includeInIndex = 1; lastKnownFileType = text.xcconfig; name = "Pods-XCrema-XCremaUITests.debug.xcconfig"; path = "Target Support Files/Pods-XCrema-XCremaUITests/Pods-XCrema-XCremaUITests.debug.xcconfig"; sourceTree = "<group>"; };
		3F744801610634E86C9524A8 /* Pods-XCrema.debug.xcconfig */ = {isa = PBXFileReference; includeInIndex = 1; lastKnownFileType = text.xcconfig; name = "Pods-XCrema.debug.xcconfig"; path = "Target Support Files/Pods-XCrema/Pods-XCrema.debug.xcconfig"; sourceTree = "<group>"; };
		5CAD7A058BFCB4612C50A488 /* Pods-XCrema-XCremaUITests.release.xcconfig */ = {isa = PBXFileReference; includeInIndex = 1; lastKnownFileType = text.xcconfig; name = "Pods-XCrema-XCremaUITests.release.xcconfig"; path = "Target Support Files/Pods-XCrema-XCremaUITests/Pods-XCrema-XCremaUITests.release.xcconfig"; sourceTree = "<group>"; };
		8026EF72E529B4693290204C /* Pods-XCremaTests.debug.xcconfig */ = {isa = PBXFileReference; includeInIndex = 1; lastKnownFileType = text.xcconfig; name = "Pods-XCremaTests.debug.xcconfig"; path = "Target Support Files/Pods-XCremaTests/Pods-XCremaTests.debug.xcconfig"; sourceTree = "<group>"; };
		9553295F8897D3E3C191CBCB /* Pods_XCremaTests.framework */ = {isa = PBXFileReference; explicitFileType = wrapper.framework; includeInIndex = 0; path = Pods_XCremaTests.framework; sourceTree = BUILT_PRODUCTS_DIR; };
		A231324ADC3948681FBFF2E1 /* Pods-XCrema.release.xcconfig */ = {isa = PBXFileReference; includeInIndex = 1; lastKnownFileType = text.xcconfig; name = "Pods-XCrema.release.xcconfig"; path = "Target Support Files/Pods-XCrema/Pods-XCrema.release.xcconfig"; sourceTree = "<group>"; };
/* End PBXFileReference section */

/* Begin PBXFrameworksBuildPhase section */
		2BC2ADC528C1DF09006A0438 /* Frameworks */ = {
			isa = PBXFrameworksBuildPhase;
			buildActionMask = 2147483647;
			files = (
				D802197E18BD765E44891B52 /* Pods_XCrema.framework in Frameworks */,
			);
			runOnlyForDeploymentPostprocessing = 0;
		};
		2BC2ADDB28C1DF0A006A0438 /* Frameworks */ = {
			isa = PBXFrameworksBuildPhase;
			buildActionMask = 2147483647;
			files = (
				05704045908E71C93BC8300C /* Pods_XCremaTests.framework in Frameworks */,
			);
			runOnlyForDeploymentPostprocessing = 0;
		};
		2BC2ADE528C1DF0A006A0438 /* Frameworks */ = {
			isa = PBXFrameworksBuildPhase;
			buildActionMask = 2147483647;
			files = (
				29A63B41D88FB990CEC2A86B /* Pods_XCrema_XCremaUITests.framework in Frameworks */,
			);
			runOnlyForDeploymentPostprocessing = 0;
		};
/* End PBXFrameworksBuildPhase section */

/* Begin PBXGroup section */
		11B9C97797AD83C8EB059A71 /* Frameworks */ = {
			isa = PBXGroup;
			children = (
				1C80A6B26360D7498682D8DE /* Pods_XCrema.framework */,
				1122D371794BB5E419C5BA61 /* Pods_XCrema_XCremaUITests.framework */,
				9553295F8897D3E3C191CBCB /* Pods_XCremaTests.framework */,
			);
			name = Frameworks;
			sourceTree = "<group>";
		};
		2BC2ADBF28C1DF09006A0438 = {
			isa = PBXGroup;
			children = (
				2BC2ADCA28C1DF09006A0438 /* XCrema */,
				2BC2ADE128C1DF0A006A0438 /* XCremaTests */,
				2BC2ADEB28C1DF0A006A0438 /* XCremaUITests */,
				2BC2ADC928C1DF09006A0438 /* Products */,
				EE35EA96DAA62E5507E00B55 /* Pods */,
				11B9C97797AD83C8EB059A71 /* Frameworks */,
			);
			sourceTree = "<group>";
		};
		2BC2ADC928C1DF09006A0438 /* Products */ = {
			isa = PBXGroup;
			children = (
				2BC2ADC828C1DF09006A0438 /* XCrema.app */,
				2BC2ADDE28C1DF0A006A0438 /* XCremaTests.xctest */,
				2BC2ADE828C1DF0A006A0438 /* XCremaUITests.xctest */,
			);
			name = Products;
			sourceTree = "<group>";
		};
		2BC2ADCA28C1DF09006A0438 /* XCrema */ = {
			isa = PBXGroup;
			children = (
				2BC2ADCB28C1DF09006A0438 /* AppDelegate.swift */,
				2BC2ADCF28C1DF09006A0438 /* PhotoViewController.swift */,
				2B72B22A28E1AF3600D4ECF3 /* MovieViewController.swift */,
				2BC2ADD428C1DF0A006A0438 /* Assets.xcassets */,
				2BC2ADD928C1DF0A006A0438 /* Info.plist */,
				2BC2ADD628C1DF0A006A0438 /* LaunchScreen.storyboard */,
			);
			path = XCrema;
			sourceTree = "<group>";
		};
		2BC2ADE128C1DF0A006A0438 /* XCremaTests */ = {
			isa = PBXGroup;
			children = (
				2BC2ADE228C1DF0A006A0438 /* XCremaTests.swift */,
			);
			path = XCremaTests;
			sourceTree = "<group>";
		};
		2BC2ADEB28C1DF0A006A0438 /* XCremaUITests */ = {
			isa = PBXGroup;
			children = (
				2BC2ADEC28C1DF0A006A0438 /* XCremaUITests.swift */,
				2BC2ADEE28C1DF0A006A0438 /* XCremaUITestsLaunchTests.swift */,
			);
			path = XCremaUITests;
			sourceTree = "<group>";
		};
		EE35EA96DAA62E5507E00B55 /* Pods */ = {
			isa = PBXGroup;
			children = (
				3F744801610634E86C9524A8 /* Pods-XCrema.debug.xcconfig */,
				A231324ADC3948681FBFF2E1 /* Pods-XCrema.release.xcconfig */,
				3765CEE0B6E497E323A7C78A /* Pods-XCrema-XCremaUITests.debug.xcconfig */,
				5CAD7A058BFCB4612C50A488 /* Pods-XCrema-XCremaUITests.release.xcconfig */,
				8026EF72E529B4693290204C /* Pods-XCremaTests.debug.xcconfig */,
				1D05FD4A5AA29FA505BE5A5B /* Pods-XCremaTests.release.xcconfig */,
			);
			path = Pods;
			sourceTree = "<group>";
		};
/* End PBXGroup section */

/* Begin PBXNativeTarget section */
		2BC2ADC728C1DF09006A0438 /* XCrema */ = {
			isa = PBXNativeTarget;
			buildConfigurationList = 2BC2ADF228C1DF0A006A0438 /* Build configuration list for PBXNativeTarget "XCrema" */;
			buildPhases = (
				E708E8255058C2A018C7FFE3 /* [CP] Check Pods Manifest.lock */,
				2BC2ADC428C1DF09006A0438 /* Sources */,
				2BC2ADC528C1DF09006A0438 /* Frameworks */,
				2BC2ADC628C1DF09006A0438 /* Resources */,
				C6D5460D81B676058D08B20D /* [CP] Embed Pods Frameworks */,
			);
			buildRules = (
			);
			dependencies = (
			);
			name = XCrema;
			productName = XCrema;
			productReference = 2BC2ADC828C1DF09006A0438 /* XCrema.app */;
			productType = "com.apple.product-type.application";
		};
		2BC2ADDD28C1DF0A006A0438 /* XCremaTests */ = {
			isa = PBXNativeTarget;
			buildConfigurationList = 2BC2ADF528C1DF0A006A0438 /* Build configuration list for PBXNativeTarget "XCremaTests" */;
			buildPhases = (
				2D8EF334E9DFE94CDBBF59AB /* [CP] Check Pods Manifest.lock */,
				2BC2ADDA28C1DF0A006A0438 /* Sources */,
				2BC2ADDB28C1DF0A006A0438 /* Frameworks */,
				2BC2ADDC28C1DF0A006A0438 /* Resources */,
			);
			buildRules = (
			);
			dependencies = (
				2BC2ADE028C1DF0A006A0438 /* PBXTargetDependency */,
			);
			name = XCremaTests;
			productName = XCremaTests;
			productReference = 2BC2ADDE28C1DF0A006A0438 /* XCremaTests.xctest */;
			productType = "com.apple.product-type.bundle.unit-test";
		};
		2BC2ADE728C1DF0A006A0438 /* XCremaUITests */ = {
			isa = PBXNativeTarget;
			buildConfigurationList = 2BC2ADF828C1DF0A006A0438 /* Build configuration list for PBXNativeTarget "XCremaUITests" */;
			buildPhases = (
				14B897FF42F06B666F111D28 /* [CP] Check Pods Manifest.lock */,
				2BC2ADE428C1DF0A006A0438 /* Sources */,
				2BC2ADE528C1DF0A006A0438 /* Frameworks */,
				2BC2ADE628C1DF0A006A0438 /* Resources */,
				2DED34708DF2A1666A046092 /* [CP] Embed Pods Frameworks */,
			);
			buildRules = (
			);
			dependencies = (
				2BC2ADEA28C1DF0A006A0438 /* PBXTargetDependency */,
			);
			name = XCremaUITests;
			productName = XCremaUITests;
			productReference = 2BC2ADE828C1DF0A006A0438 /* XCremaUITests.xctest */;
			productType = "com.apple.product-type.bundle.ui-testing";
		};
/* End PBXNativeTarget section */

/* Begin PBXProject section */
		2BC2ADC028C1DF09006A0438 /* Project object */ = {
			isa = PBXProject;
			attributes = {
				BuildIndependentTargetsInParallel = 1;
				LastSwiftUpdateCheck = 1340;
				LastUpgradeCheck = 1340;
				TargetAttributes = {
					2BC2ADC728C1DF09006A0438 = {
						CreatedOnToolsVersion = 13.4.1;
					};
					2BC2ADDD28C1DF0A006A0438 = {
						CreatedOnToolsVersion = 13.4.1;
						TestTargetID = 2BC2ADC728C1DF09006A0438;
					};
					2BC2ADE728C1DF0A006A0438 = {
						CreatedOnToolsVersion = 13.4.1;
						TestTargetID = 2BC2ADC728C1DF09006A0438;
					};
				};
			};
			buildConfigurationList = 2BC2ADC328C1DF09006A0438 /* Build configuration list for PBXProject "XCrema" */;
			compatibilityVersion = "Xcode 13.0";
			developmentRegion = en;
			hasScannedForEncodings = 0;
			knownRegions = (
				en,
				Base,
			);
			mainGroup = 2BC2ADBF28C1DF09006A0438;
			productRefGroup = 2BC2ADC928C1DF09006A0438 /* Products */;
			projectDirPath = "";
			projectRoot = "";
			targets = (
				2BC2ADC728C1DF09006A0438 /* XCrema */,
				2BC2ADDD28C1DF0A006A0438 /* XCremaTests */,
				2BC2ADE728C1DF0A006A0438 /* XCremaUITests */,
			);
		};
/* End PBXProject section */

/* Begin PBXResourcesBuildPhase section */
		2BC2ADC628C1DF09006A0438 /* Resources */ = {
			isa = PBXResourcesBuildPhase;
			buildActionMask = 2147483647;
			files = (
				2BC2ADD828C1DF0A006A0438 /* LaunchScreen.storyboard in Resources */,
				2BC2ADD528C1DF0A006A0438 /* Assets.xcassets in Resources */,
			);
			runOnlyForDeploymentPostprocessing = 0;
		};
		2BC2ADDC28C1DF0A006A0438 /* Resources */ = {
			isa = PBXResourcesBuildPhase;
			buildActionMask = 2147483647;
			files = (
			);
			runOnlyForDeploymentPostprocessing = 0;
		};
		2BC2ADE628C1DF0A006A0438 /* Resources */ = {
			isa = PBXResourcesBuildPhase;
			buildActionMask = 2147483647;
			files = (
			);
			runOnlyForDeploymentPostprocessing = 0;
		};
/* End PBXResourcesBuildPhase section */

/* Begin PBXShellScriptBuildPhase section */
		14B897FF42F06B666F111D28 /* [CP] Check Pods Manifest.lock */ = {
			isa = PBXShellScriptBuildPhase;
			buildActionMask = 2147483647;
			files = (
			);
			inputFileListPaths = (
			);
			inputPaths = (
				"${PODS_PODFILE_DIR_PATH}/Podfile.lock",
				"${PODS_ROOT}/Manifest.lock",
			);
			name = "[CP] Check Pods Manifest.lock";
			outputFileListPaths = (
			);
			outputPaths = (
				"$(DERIVED_FILE_DIR)/Pods-XCrema-XCremaUITests-checkManifestLockResult.txt",
			);
			runOnlyForDeploymentPostprocessing = 0;
			shellPath = /bin/sh;
			shellScript = "diff \"${PODS_PODFILE_DIR_PATH}/Podfile.lock\" \"${PODS_ROOT}/Manifest.lock\" > /dev/null\nif [ $? != 0 ] ; then\n    # print error to STDERR\n    echo \"error: The sandbox is not in sync with the Podfile.lock. Run 'pod install' or update your CocoaPods installation.\" >&2\n    exit 1\nfi\n# This output is used by Xcode 'outputs' to avoid re-running this script phase.\necho \"SUCCESS\" > \"${SCRIPT_OUTPUT_FILE_0}\"\n";
			showEnvVarsInLog = 0;
		};
		2D8EF334E9DFE94CDBBF59AB /* [CP] Check Pods Manifest.lock */ = {
			isa = PBXShellScriptBuildPhase;
			buildActionMask = 2147483647;
			files = (
			);
			inputFileListPaths = (
			);
			inputPaths = (
				"${PODS_PODFILE_DIR_PATH}/Podfile.lock",
				"${PODS_ROOT}/Manifest.lock",
			);
			name = "[CP] Check Pods Manifest.lock";
			outputFileListPaths = (
			);
			outputPaths = (
				"$(DERIVED_FILE_DIR)/Pods-XCremaTests-checkManifestLockResult.txt",
			);
			runOnlyForDeploymentPostprocessing = 0;
			shellPath = /bin/sh;
			shellScript = "diff \"${PODS_PODFILE_DIR_PATH}/Podfile.lock\" \"${PODS_ROOT}/Manifest.lock\" > /dev/null\nif [ $? != 0 ] ; then\n    # print error to STDERR\n    echo \"error: The sandbox is not in sync with the Podfile.lock. Run 'pod install' or update your CocoaPods installation.\" >&2\n    exit 1\nfi\n# This output is used by Xcode 'outputs' to avoid re-running this script phase.\necho \"SUCCESS\" > \"${SCRIPT_OUTPUT_FILE_0}\"\n";
			showEnvVarsInLog = 0;
		};
		2DED34708DF2A1666A046092 /* [CP] Embed Pods Frameworks */ = {
			isa = PBXShellScriptBuildPhase;
			buildActionMask = 2147483647;
			files = (
			);
			inputFileListPaths = (
				"${PODS_ROOT}/Target Support Files/Pods-XCrema-XCremaUITests/Pods-XCrema-XCremaUITests-frameworks-${CONFIGURATION}-input-files.xcfilelist",
			);
			name = "[CP] Embed Pods Frameworks";
			outputFileListPaths = (
				"${PODS_ROOT}/Target Support Files/Pods-XCrema-XCremaUITests/Pods-XCrema-XCremaUITests-frameworks-${CONFIGURATION}-output-files.xcfilelist",
			);
			runOnlyForDeploymentPostprocessing = 0;
			shellPath = /bin/sh;
			shellScript = "\"${PODS_ROOT}/Target Support Files/Pods-XCrema-XCremaUITests/Pods-XCrema-XCremaUITests-frameworks.sh\"\n";
			showEnvVarsInLog = 0;
		};
		C6D5460D81B676058D08B20D /* [CP] Embed Pods Frameworks */ = {
			isa = PBXShellScriptBuildPhase;
			buildActionMask = 2147483647;
			files = (
			);
			inputFileListPaths = (
				"${PODS_ROOT}/Target Support Files/Pods-XCrema/Pods-XCrema-frameworks-${CONFIGURATION}-input-files.xcfilelist",
			);
			name = "[CP] Embed Pods Frameworks";
			outputFileListPaths = (
				"${PODS_ROOT}/Target Support Files/Pods-XCrema/Pods-XCrema-frameworks-${CONFIGURATION}-output-files.xcfilelist",
			);
			runOnlyForDeploymentPostprocessing = 0;
			shellPath = /bin/sh;
			shellScript = "\"${PODS_ROOT}/Target Support Files/Pods-XCrema/Pods-XCrema-frameworks.sh\"\n";
			showEnvVarsInLog = 0;
		};
		E708E8255058C2A018C7FFE3 /* [CP] Check Pods Manifest.lock */ = {
			isa = PBXShellScriptBuildPhase;
			buildActionMask = 2147483647;
			files = (
			);
			inputFileListPaths = (
			);
			inputPaths = (
				"${PODS_PODFILE_DIR_PATH}/Podfile.lock",
				"${PODS_ROOT}/Manifest.lock",
			);
			name = "[CP] Check Pods Manifest.lock";
			outputFileListPaths = (
			);
			outputPaths = (
				"$(DERIVED_FILE_DIR)/Pods-XCrema-checkManifestLockResult.txt",
			);
			runOnlyForDeploymentPostprocessing = 0;
			shellPath = /bin/sh;
			shellScript = "diff \"${PODS_PODFILE_DIR_PATH}/Podfile.lock\" \"${PODS_ROOT}/Manifest.lock\" > /dev/null\nif [ $? != 0 ] ; then\n    # print error to STDERR\n    echo \"error: The sandbox is not in sync with the Podfile.lock. Run 'pod install' or update your CocoaPods installation.\" >&2\n    exit 1\nfi\n# This output is used by Xcode 'outputs' to avoid re-running this script phase.\necho \"SUCCESS\" > \"${SCRIPT_OUTPUT_FILE_0}\"\n";
			showEnvVarsInLog = 0;
		};
/* End PBXShellScriptBuildPhase section */

/* Begin PBXSourcesBuildPhase section */
		2BC2ADC428C1DF09006A0438 /* Sources */ = {
			isa = PBXSourcesBuildPhase;
			buildActionMask = 2147483647;
			files = (
				2BC2ADD028C1DF09006A0438 /* PhotoViewController.swift in Sources */,
				2BC2ADCC28C1DF09006A0438 /* AppDelegate.swift in Sources */,
				2B72B22B28E1AF3600D4ECF3 /* MovieViewController.swift in Sources */,
			);
			runOnlyForDeploymentPostprocessing = 0;
		};
		2BC2ADDA28C1DF0A006A0438 /* Sources */ = {
			isa = PBXSourcesBuildPhase;
			buildActionMask = 2147483647;
			files = (
				2BC2ADE328C1DF0A006A0438 /* XCremaTests.swift in Sources */,
			);
			runOnlyForDeploymentPostprocessing = 0;
		};
		2BC2ADE428C1DF0A006A0438 /* Sources */ = {
			isa = PBXSourcesBuildPhase;
			buildActionMask = 2147483647;
			files = (
				2BC2ADEF28C1DF0A006A0438 /* XCremaUITestsLaunchTests.swift in Sources */,
				2BC2ADED28C1DF0A006A0438 /* XCremaUITests.swift in Sources */,
			);
			runOnlyForDeploymentPostprocessing = 0;
		};
/* End PBXSourcesBuildPhase section */

/* Begin PBXTargetDependency section */
		2BC2ADE028C1DF0A006A0438 /* PBXTargetDependency */ = {
			isa = PBXTargetDependency;
			target = 2BC2ADC728C1DF09006A0438 /* XCrema */;
			targetProxy = 2BC2ADDF28C1DF0A006A0438 /* PBXContainerItemProxy */;
		};
		2BC2ADEA28C1DF0A006A0438 /* PBXTargetDependency */ = {
			isa = PBXTargetDependency;
			target = 2BC2ADC728C1DF09006A0438 /* XCrema */;
			targetProxy = 2BC2ADE928C1DF0A006A0438 /* PBXContainerItemProxy */;
		};
/* End PBXTargetDependency section */

/* Begin PBXVariantGroup section */
		2BC2ADD628C1DF0A006A0438 /* LaunchScreen.storyboard */ = {
			isa = PBXVariantGroup;
			children = (
				2BC2ADD728C1DF0A006A0438 /* Base */,
			);
			name = LaunchScreen.storyboard;
			sourceTree = "<group>";
		};
/* End PBXVariantGroup section */

/* Begin XCBuildConfiguration section */
		2BC2ADF028C1DF0A006A0438 /* Debug */ = {
			isa = XCBuildConfiguration;
			buildSettings = {
				ALWAYS_SEARCH_USER_PATHS = NO;
				CLANG_ANALYZER_NONNULL = YES;
				CLANG_ANALYZER_NUMBER_OBJECT_CONVERSION = YES_AGGRESSIVE;
				CLANG_CXX_LANGUAGE_STANDARD = "gnu++17";
				CLANG_ENABLE_MODULES = YES;
				CLANG_ENABLE_OBJC_ARC = YES;
				CLANG_ENABLE_OBJC_WEAK = YES;
				CLANG_WARN_BLOCK_CAPTURE_AUTORELEASING = YES;
				CLANG_WARN_BOOL_CONVERSION = YES;
				CLANG_WARN_COMMA = YES;
				CLANG_WARN_CONSTANT_CONVERSION = YES;
				CLANG_WARN_DEPRECATED_OBJC_IMPLEMENTATIONS = YES;
				CLANG_WARN_DIRECT_OBJC_ISA_USAGE = YES_ERROR;
				CLANG_WARN_DOCUMENTATION_COMMENTS = YES;
				CLANG_WARN_EMPTY_BODY = YES;
				CLANG_WARN_ENUM_CONVERSION = YES;
				CLANG_WARN_INFINITE_RECURSION = YES;
				CLANG_WARN_INT_CONVERSION = YES;
				CLANG_WARN_NON_LITERAL_NULL_CONVERSION = YES;
				CLANG_WARN_OBJC_IMPLICIT_RETAIN_SELF = YES;
				CLANG_WARN_OBJC_LITERAL_CONVERSION = YES;
				CLANG_WARN_OBJC_ROOT_CLASS = YES_ERROR;
				CLANG_WARN_QUOTED_INCLUDE_IN_FRAMEWORK_HEADER = YES;
				CLANG_WARN_RANGE_LOOP_ANALYSIS = YES;
				CLANG_WARN_STRICT_PROTOTYPES = YES;
				CLANG_WARN_SUSPICIOUS_MOVE = YES;
				CLANG_WARN_UNGUARDED_AVAILABILITY = YES_AGGRESSIVE;
				CLANG_WARN_UNREACHABLE_CODE = YES;
				CLANG_WARN__DUPLICATE_METHOD_MATCH = YES;
				COPY_PHASE_STRIP = NO;
				DEBUG_INFORMATION_FORMAT = dwarf;
				ENABLE_STRICT_OBJC_MSGSEND = YES;
				ENABLE_TESTABILITY = YES;
				GCC_C_LANGUAGE_STANDARD = gnu11;
				GCC_DYNAMIC_NO_PIC = NO;
				GCC_NO_COMMON_BLOCKS = YES;
				GCC_OPTIMIZATION_LEVEL = 0;
				GCC_PREPROCESSOR_DEFINITIONS = (
					"DEBUG=1",
					"$(inherited)",
				);
				GCC_WARN_64_TO_32_BIT_CONVERSION = YES;
				GCC_WARN_ABOUT_RETURN_TYPE = YES_ERROR;
				GCC_WARN_UNDECLARED_SELECTOR = YES;
				GCC_WARN_UNINITIALIZED_AUTOS = YES_AGGRESSIVE;
				GCC_WARN_UNUSED_FUNCTION = YES;
				GCC_WARN_UNUSED_VARIABLE = YES;
				IPHONEOS_DEPLOYMENT_TARGET = 15.2;
				MTL_ENABLE_DEBUG_INFO = INCLUDE_SOURCE;
				MTL_FAST_MATH = YES;
				ONLY_ACTIVE_ARCH = YES;
				SDKROOT = iphoneos;
				SWIFT_ACTIVE_COMPILATION_CONDITIONS = DEBUG;
				SWIFT_OPTIMIZATION_LEVEL = "-Onone";
			};
			name = Debug;
		};
		2BC2ADF128C1DF0A006A0438 /* Release */ = {
			isa = XCBuildConfiguration;
			buildSettings = {
				ALWAYS_SEARCH_USER_PATHS = NO;
				CLANG_ANALYZER_NONNULL = YES;
				CLANG_ANALYZER_NUMBER_OBJECT_CONVERSION = YES_AGGRESSIVE;
				CLANG_CXX_LANGUAGE_STANDARD = "gnu++17";
				CLANG_ENABLE_MODULES = YES;
				CLANG_ENABLE_OBJC_ARC = YES;
				CLANG_ENABLE_OBJC_WEAK = YES;
				CLANG_WARN_BLOCK_CAPTURE_AUTORELEASING = YES;
				CLANG_WARN_BOOL_CONVERSION = YES;
				CLANG_WARN_COMMA = YES;
				CLANG_WARN_CONSTANT_CONVERSION = YES;
				CLANG_WARN_DEPRECATED_OBJC_IMPLEMENTATIONS = YES;
				CLANG_WARN_DIRECT_OBJC_ISA_USAGE = YES_ERROR;
				CLANG_WARN_DOCUMENTATION_COMMENTS = YES;
				CLANG_WARN_EMPTY_BODY = YES;
				CLANG_WARN_ENUM_CONVERSION = YES;
				CLANG_WARN_INFINITE_RECURSION = YES;
				CLANG_WARN_INT_CONVERSION = YES;
				CLANG_WARN_NON_LITERAL_NULL_CONVERSION = YES;
				CLANG_WARN_OBJC_IMPLICIT_RETAIN_SELF = YES;
				CLANG_WARN_OBJC_LITERAL_CONVERSION = YES;
				CLANG_WARN_OBJC_ROOT_CLASS = YES_ERROR;
				CLANG_WARN_QUOTED_INCLUDE_IN_FRAMEWORK_HEADER = YES;
				CLANG_WARN_RANGE_LOOP_ANALYSIS = YES;
				CLANG_WARN_STRICT_PROTOTYPES = YES;
				CLANG_WARN_SUSPICIOUS_MOVE = YES;
				CLANG_WARN_UNGUARDED_AVAILABILITY = YES_AGGRESSIVE;
				CLANG_WARN_UNREACHABLE_CODE = YES;
				CLANG_WARN__DUPLICATE_METHOD_MATCH = YES;
				COPY_PHASE_STRIP = NO;
				DEBUG_INFORMATION_FORMAT = "dwarf-with-dsym";
				ENABLE_NS_ASSERTIONS = NO;
				ENABLE_STRICT_OBJC_MSGSEND = YES;
				GCC_C_LANGUAGE_STANDARD = gnu11;
				GCC_NO_COMMON_BLOCKS = YES;
				GCC_WARN_64_TO_32_BIT_CONVERSION = YES;
				GCC_WARN_ABOUT_RETURN_TYPE = YES_ERROR;
				GCC_WARN_UNDECLARED_SELECTOR = YES;
				GCC_WARN_UNINITIALIZED_AUTOS = YES_AGGRESSIVE;
				GCC_WARN_UNUSED_FUNCTION = YES;
				GCC_WARN_UNUSED_VARIABLE = YES;
				IPHONEOS_DEPLOYMENT_TARGET = 15.2;
				MTL_ENABLE_DEBUG_INFO = NO;
				MTL_FAST_MATH = YES;
				SDKROOT = iphoneos;
				SWIFT_COMPILATION_MODE = wholemodule;
				SWIFT_OPTIMIZATION_LEVEL = "-O";
				VALIDATE_PRODUCT = YES;
			};
			name = Release;
		};
		2BC2ADF328C1DF0A006A0438 /* Debug */ = {
			isa = XCBuildConfiguration;
			baseConfigurationReference = 3F744801610634E86C9524A8 /* Pods-XCrema.debug.xcconfig */;
			buildSettings = {
				ASSETCATALOG_COMPILER_APPICON_NAME = AppIcon;
				ASSETCATALOG_COMPILER_GLOBAL_ACCENT_COLOR_NAME = AccentColor;
				CODE_SIGN_STYLE = Automatic;
				CURRENT_PROJECT_VERSION = 1;
				DEVELOPMENT_TEAM = 72CJPW2HG2;
				GENERATE_INFOPLIST_FILE = YES;
				INFOPLIST_FILE = XCrema/Info.plist;
				INFOPLIST_KEY_NSCameraUsageDescription = "";
				INFOPLIST_KEY_NSMicrophoneUsageDescription = "";
				INFOPLIST_KEY_NSPhotoLibraryAddUsageDescription = "";
				INFOPLIST_KEY_NSPhotoLibraryUsageDescription = "";
				INFOPLIST_KEY_UIApplicationSupportsIndirectInputEvents = YES;
				INFOPLIST_KEY_UILaunchStoryboardName = LaunchScreen;
				INFOPLIST_KEY_UISupportedInterfaceOrientations = UIInterfaceOrientationPortrait;
				INFOPLIST_KEY_UISupportedInterfaceOrientations_iPad = "UIInterfaceOrientationLandscapeLeft UIInterfaceOrientationLandscapeRight UIInterfaceOrientationPortrait UIInterfaceOrientationPortraitUpsideDown";
				LD_RUNPATH_SEARCH_PATHS = (
					"$(inherited)",
					"@executable_path/Frameworks",
				);
				MARKETING_VERSION = 1.0;
				PRODUCT_BUNDLE_IDENTIFIER = com.flamingo.XCrema;
				PRODUCT_NAME = "$(TARGET_NAME)";
				SWIFT_EMIT_LOC_STRINGS = YES;
				SWIFT_VERSION = 5.0;
				TARGETED_DEVICE_FAMILY = 1;
			};
			name = Debug;
		};
		2BC2ADF428C1DF0A006A0438 /* Release */ = {
			isa = XCBuildConfiguration;
			baseConfigurationReference = A231324ADC3948681FBFF2E1 /* Pods-XCrema.release.xcconfig */;
			buildSettings = {
				ASSETCATALOG_COMPILER_APPICON_NAME = AppIcon;
				ASSETCATALOG_COMPILER_GLOBAL_ACCENT_COLOR_NAME = AccentColor;
				CODE_SIGN_STYLE = Automatic;
				CURRENT_PROJECT_VERSION = 1;
				DEVELOPMENT_TEAM = 72CJPW2HG2;
				GENERATE_INFOPLIST_FILE = YES;
				INFOPLIST_FILE = XCrema/Info.plist;
				INFOPLIST_KEY_NSCameraUsageDescription = "";
				INFOPLIST_KEY_NSMicrophoneUsageDescription = "";
				INFOPLIST_KEY_NSPhotoLibraryAddUsageDescription = "";
				INFOPLIST_KEY_NSPhotoLibraryUsageDescription = "";
				INFOPLIST_KEY_UIApplicationSupportsIndirectInputEvents = YES;
				INFOPLIST_KEY_UILaunchStoryboardName = LaunchScreen;
				INFOPLIST_KEY_UISupportedInterfaceOrientations = UIInterfaceOrientationPortrait;
				INFOPLIST_KEY_UISupportedInterfaceOrientations_iPad = "UIInterfaceOrientationLandscapeLeft UIInterfaceOrientationLandscapeRight UIInterfaceOrientationPortrait UIInterfaceOrientationPortraitUpsideDown";
				LD_RUNPATH_SEARCH_PATHS = (
					"$(inherited)",
					"@executable_path/Frameworks",
				);
				MARKETING_VERSION = 1.0;
				PRODUCT_BUNDLE_IDENTIFIER = com.flamingo.XCrema;
				PRODUCT_NAME = "$(TARGET_NAME)";
				SWIFT_EMIT_LOC_STRINGS = YES;
				SWIFT_VERSION = 5.0;
				TARGETED_DEVICE_FAMILY = 1;
			};
			name = Release;
		};
		2BC2ADF628C1DF0A006A0438 /* Debug */ = {
			isa = XCBuildConfiguration;
			baseConfigurationReference = 8026EF72E529B4693290204C /* Pods-XCremaTests.debug.xcconfig */;
			buildSettings = {
				ALWAYS_EMBED_SWIFT_STANDARD_LIBRARIES = YES;
				BUNDLE_LOADER = "$(TEST_HOST)";
				CODE_SIGN_STYLE = Automatic;
				CURRENT_PROJECT_VERSION = 1;
				DEVELOPMENT_TEAM = 72CJPW2HG2;
				GENERATE_INFOPLIST_FILE = YES;
				IPHONEOS_DEPLOYMENT_TARGET = 15.5;
				MARKETING_VERSION = 1.0;
				PRODUCT_BUNDLE_IDENTIFIER = com.flamingo.XCremaTests;
				PRODUCT_NAME = "$(TARGET_NAME)";
				SWIFT_EMIT_LOC_STRINGS = NO;
				SWIFT_VERSION = 5.0;
				TARGETED_DEVICE_FAMILY = "1,2";
				TEST_HOST = "$(BUILT_PRODUCTS_DIR)/XCrema.app/XCrema";
			};
			name = Debug;
		};
		2BC2ADF728C1DF0A006A0438 /* Release */ = {
			isa = XCBuildConfiguration;
			baseConfigurationReference = 1D05FD4A5AA29FA505BE5A5B /* Pods-XCremaTests.release.xcconfig */;
			buildSettings = {
				ALWAYS_EMBED_SWIFT_STANDARD_LIBRARIES = YES;
				BUNDLE_LOADER = "$(TEST_HOST)";
				CODE_SIGN_STYLE = Automatic;
				CURRENT_PROJECT_VERSION = 1;
				DEVELOPMENT_TEAM = 72CJPW2HG2;
				GENERATE_INFOPLIST_FILE = YES;
				IPHONEOS_DEPLOYMENT_TARGET = 15.5;
				MARKETING_VERSION = 1.0;
				PRODUCT_BUNDLE_IDENTIFIER = com.flamingo.XCremaTests;
				PRODUCT_NAME = "$(TARGET_NAME)";
				SWIFT_EMIT_LOC_STRINGS = NO;
				SWIFT_VERSION = 5.0;
				TARGETED_DEVICE_FAMILY = "1,2";
				TEST_HOST = "$(BUILT_PRODUCTS_DIR)/XCrema.app/XCrema";
			};
			name = Release;
		};
		2BC2ADF928C1DF0A006A0438 /* Debug */ = {
			isa = XCBuildConfiguration;
			baseConfigurationReference = 3765CEE0B6E497E323A7C78A /* Pods-XCrema-XCremaUITests.debug.xcconfig */;
			buildSettings = {
				ALWAYS_EMBED_SWIFT_STANDARD_LIBRARIES = YES;
				CODE_SIGN_STYLE = Automatic;
				CURRENT_PROJECT_VERSION = 1;
				DEVELOPMENT_TEAM = 72CJPW2HG2;
				GENERATE_INFOPLIST_FILE = YES;
				MARKETING_VERSION = 1.0;
				PRODUCT_BUNDLE_IDENTIFIER = com.flamingo.XCremaUITests;
				PRODUCT_NAME = "$(TARGET_NAME)";
				SWIFT_EMIT_LOC_STRINGS = NO;
				SWIFT_VERSION = 5.0;
				TARGETED_DEVICE_FAMILY = "1,2";
				TEST_TARGET_NAME = XCrema;
			};
			name = Debug;
		};
		2BC2ADFA28C1DF0A006A0438 /* Release */ = {
			isa = XCBuildConfiguration;
			baseConfigurationReference = 5CAD7A058BFCB4612C50A488 /* Pods-XCrema-XCremaUITests.release.xcconfig */;
			buildSettings = {
				ALWAYS_EMBED_SWIFT_STANDARD_LIBRARIES = YES;
				CODE_SIGN_STYLE = Automatic;
				CURRENT_PROJECT_VERSION = 1;
				DEVELOPMENT_TEAM = 72CJPW2HG2;
				GENERATE_INFOPLIST_FILE = YES;
				MARKETING_VERSION = 1.0;
				PRODUCT_BUNDLE_IDENTIFIER = com.flamingo.XCremaUITests;
				PRODUCT_NAME = "$(TARGET_NAME)";
				SWIFT_EMIT_LOC_STRINGS = NO;
				SWIFT_VERSION = 5.0;
				TARGETED_DEVICE_FAMILY = "1,2";
				TEST_TARGET_NAME = XCrema;
			};
			name = Release;
		};
/* End XCBuildConfiguration section */

/* Begin XCConfigurationList section */
		2BC2ADC328C1DF09006A0438 /* Build configuration list for PBXProject "XCrema" */ = {
			isa = XCConfigurationList;
			buildConfigurations = (
				2BC2ADF028C1DF0A006A0438 /* Debug */,
				2BC2ADF128C1DF0A006A0438 /* Release */,
			);
			defaultConfigurationIsVisible = 0;
			defaultConfigurationName = Release;
		};
		2BC2ADF228C1DF0A006A0438 /* Build configuration list for PBXNativeTarget "XCrema" */ = {
			isa = XCConfigurationList;
			buildConfigurations = (
				2BC2ADF328C1DF0A006A0438 /* Debug */,
				2BC2ADF428C1DF0A006A0438 /* Release */,
			);
			defaultConfigurationIsVisible = 0;
			defaultConfigurationName = Release;
		};
		2BC2ADF528C1DF0A006A0438 /* Build configuration list for PBXNativeTarget "XCremaTests" */ = {
			isa = XCConfigurationList;
			buildConfigurations = (
				2BC2ADF628C1DF0A006A0438 /* Debug */,
				2BC2ADF728C1DF0A006A0438 /* Release */,
			);
			defaultConfigurationIsVisible = 0;
			defaultConfigurationName = Release;
		};
		2BC2ADF828C1DF0A006A0438 /* Build configuration list for PBXNativeTarget "XCremaUITests" */ = {
			isa = XCConfigurationList;
			buildConfigurations = (
				2BC2ADF928C1DF0A006A0438 /* Debug */,
				2BC2ADFA28C1DF0A006A0438 /* Release */,
			);
			defaultConfigurationIsVisible = 0;
			defaultConfigurationName = Release;
		};
/* End XCConfigurationList section */
	};
	rootObject = 2BC2ADC028C1DF09006A0438 /* Project object */;
}
